
Microsoft Visual Studio Solution File, Format Version 12.00
# Visual Studio 15
VisualStudioVersion = 15.0.26430.4
MinimumVisualStudioVersion = 10.0.40219.1
Project("{FAE04EC0-301F-11D3-BF4B-00C04F79EFBC}") = "MarkdownViewer", "MarkdownViewer\MarkdownViewer.csproj", "{0F3D02D1-8262-4C78-B1ED-6A6CD5D72FCB}"
EndProject
Global
	GlobalSection(SolutionConfigurationPlatforms) = preSolution
		Debug|Any CPU = Debug|Any CPU
		Release|Any CPU = Release|Any CPU
	EndGlobalSection
	GlobalSection(ProjectConfigurationPlatforms) = postSolution
		{0F3D02D1-8262-4C78-B1ED-6A6CD5D72FCB}.Debug|Any CPU.ActiveCfg = Debug|Any CPU
		{0F3D02D1-8262-4C78-B1ED-6A6CD5D72FCB}.Debug|Any CPU.Build.0 = Debug|Any CPU
		{0F3D02D1-8262-4C78-B1ED-6A6CD5D72FCB}.Release|Any CPU.ActiveCfg = Release|Any CPU
		{0F3D02D1-8262-4C78-B1ED-6A6CD5D72FCB}.Release|Any CPU.Build.0 = Release|Any CPU
	EndGlobalSection
	GlobalSection(SolutionProperties) = preSolution
		HideSolutionNode = FALSE
	EndGlobalSection
EndGlobal
